// !$*UTF8*$!
{
	archiveVersion = 1;
	classes = {
	};
	objectVersion = 77;
	objects = {

/* Begin PBXBuildFile section */
		875D3DF22CD2A213009A0C7B /* arm64-apple-ios-simulator.swiftsourceinfo in Resources */ = {isa = PBXBuildFile; fileRef = 875D3DE62CD2A213009A0C7B /* arm64-apple-ios-simulator.swiftsourceinfo */; };
		875D3DF32CD2A213009A0C7B /* x86_64-apple-ios-simulator.swiftdoc in Resources */ = {isa = PBXBuildFile; fileRef = 875D3DEC2CD2A213009A0C7B /* x86_64-apple-ios-simulator.swiftdoc */; };
		875D3DF42CD2A213009A0C7B /* arm64-apple-ios-simulator.swiftdoc in Resources */ = {isa = PBXBuildFile; fileRef = 875D3DE92CD2A213009A0C7B /* arm64-apple-ios-simulator.swiftdoc */; };
		875D3DF52CD2A213009A0C7B /* x86_64-apple-ios-simulator.swiftmodule in Resources */ = {isa = PBXBuildFile; fileRef = 875D3DED2CD2A213009A0C7B /* x86_64-apple-ios-simulator.swiftmodule */; };
		875D3DF62CD2A213009A0C7B /* x86_64-apple-ios-simulator.abi.json in Resources */ = {isa = PBXBuildFile; fileRef = 875D3DEE2CD2A213009A0C7B /* x86_64-apple-ios-simulator.abi.json */; };
		875D3DF72CD2A213009A0C7B /* x86_64-apple-ios-simulator.swiftsourceinfo in Resources */ = {isa = PBXBuildFile; fileRef = 875D3DE72CD2A213009A0C7B /* x86_64-apple-ios-simulator.swiftsourceinfo */; };
		875D3DF82CD2A213009A0C7B /* arm64-apple-ios-simulator.abi.json in Resources */ = {isa = PBXBuildFile; fileRef = 875D3DEB2CD2A213009A0C7B /* arm64-apple-ios-simulator.abi.json */; };
		875D3DF92CD2A213009A0C7B /* arm64-apple-ios-simulator.swiftmodule in Resources */ = {isa = PBXBuildFile; fileRef = 875D3DEA2CD2A213009A0C7B /* arm64-apple-ios-simulator.swiftmodule */; };
		875D3DFA2CD2A213009A0C7B /* libMatchingPairsThemes.a in Frameworks */ = {isa = PBXBuildFile; fileRef = 875D3DF02CD2A213009A0C7B /* libMatchingPairsThemes.a */; };
		875D3E2E2CD2DFE9009A0C7B /* Model.xcdatamodeld in Sources */ = {isa = PBXBuildFile; fileRef = 875D3E2C2CD2DFE9009A0C7B /* Model.xcdatamodeld */; };
/* End PBXBuildFile section */

/* Begin PBXContainerItemProxy section */
		87A729782CD4544E006F80E8 /* PBXContainerItemProxy */ = {
			isa = PBXContainerItemProxy;
			containerPortal = 875D3D8C2CD044FE009A0C7B /* Project object */;
			proxyType = 1;
			remoteGlobalIDString = 875D3D932CD044FE009A0C7B;
			remoteInfo = MatchingPairs;
		};
		87A729972CD4F9BB006F80E8 /* PBXContainerItemProxy */ = {
			isa = PBXContainerItemProxy;
			containerPortal = 875D3D8C2CD044FE009A0C7B /* Project object */;
			proxyType = 1;
			remoteGlobalIDString = 875D3D932CD044FE009A0C7B;
			remoteInfo = MatchingPairs;
		};
/* End PBXContainerItemProxy section */

/* Begin PBXFileReference section */
		875D3D942CD044FE009A0C7B /* MatchingPairs.app */ = {isa = PBXFileReference; explicitFileType = wrapper.application; includeInIndex = 0; path = MatchingPairs.app; sourceTree = BUILT_PRODUCTS_DIR; };
		875D3DE62CD2A213009A0C7B /* arm64-apple-ios-simulator.swiftsourceinfo */ = {isa = PBXFileReference; lastKnownFileType = file; path = "arm64-apple-ios-simulator.swiftsourceinfo"; sourceTree = "<group>"; };
		875D3DE72CD2A213009A0C7B /* x86_64-apple-ios-simulator.swiftsourceinfo */ = {isa = PBXFileReference; lastKnownFileType = file; path = "x86_64-apple-ios-simulator.swiftsourceinfo"; sourceTree = "<group>"; };
		875D3DE92CD2A213009A0C7B /* arm64-apple-ios-simulator.swiftdoc */ = {isa = PBXFileReference; lastKnownFileType = file; path = "arm64-apple-ios-simulator.swiftdoc"; sourceTree = "<group>"; };
		875D3DEA2CD2A213009A0C7B /* arm64-apple-ios-simulator.swiftmodule */ = {isa = PBXFileReference; lastKnownFileType = file; path = "arm64-apple-ios-simulator.swiftmodule"; sourceTree = "<group>"; };
		875D3DEB2CD2A213009A0C7B /* arm64-apple-ios-simulator.abi.json */ = {isa = PBXFileReference; lastKnownFileType = text.json; path = "arm64-apple-ios-simulator.abi.json"; sourceTree = "<group>"; };
		875D3DEC2CD2A213009A0C7B /* x86_64-apple-ios-simulator.swiftdoc */ = {isa = PBXFileReference; lastKnownFileType = file; path = "x86_64-apple-ios-simulator.swiftdoc"; sourceTree = "<group>"; };
		875D3DED2CD2A213009A0C7B /* x86_64-apple-ios-simulator.swiftmodule */ = {isa = PBXFileReference; lastKnownFileType = file; path = "x86_64-apple-ios-simulator.swiftmodule"; sourceTree = "<group>"; };
		875D3DEE2CD2A213009A0C7B /* x86_64-apple-ios-simulator.abi.json */ = {isa = PBXFileReference; lastKnownFileType = text.json; path = "x86_64-apple-ios-simulator.abi.json"; sourceTree = "<group>"; };
		875D3DF02CD2A213009A0C7B /* libMatchingPairsThemes.a */ = {isa = PBXFileReference; lastKnownFileType = archive.ar; path = libMatchingPairsThemes.a; sourceTree = "<group>"; };
		875D3E2D2CD2DFE9009A0C7B /* Model.xcdatamodel */ = {isa = PBXFileReference; lastKnownFileType = wrapper.xcdatamodel; path = Model.xcdatamodel; sourceTree = "<group>"; };
		87A729722CD4544E006F80E8 /* MatchingPairsUITests.xctest */ = {isa = PBXFileReference; explicitFileType = wrapper.cfbundle; includeInIndex = 0; path = MatchingPairsUITests.xctest; sourceTree = BUILT_PRODUCTS_DIR; };
		87A729932CD4F9BB006F80E8 /* MatchingPairsUnitTests.xctest */ = {isa = PBXFileReference; explicitFileType = wrapper.cfbundle; includeInIndex = 0; path = MatchingPairsUnitTests.xctest; sourceTree = BUILT_PRODUCTS_DIR; };
/* End PBXFileReference section */

/* Begin PBXFileSystemSynchronizedRootGroup section */
		875D3D962CD044FE009A0C7B /* MatchingPairs */ = {
			isa = PBXFileSystemSynchronizedRootGroup;
			path = MatchingPairs;
			sourceTree = "<group>";
		};
		87A729732CD4544E006F80E8 /* MatchingPairsUITests */ = {
			isa = PBXFileSystemSynchronizedRootGroup;
			path = MatchingPairsUITests;
			sourceTree = "<group>";
		};
		87A729942CD4F9BB006F80E8 /* MatchingPairsUnitTests */ = {
			isa = PBXFileSystemSynchronizedRootGroup;
			path = MatchingPairsUnitTests;
			sourceTree = "<group>";
		};
/* End PBXFileSystemSynchronizedRootGroup section */

/* Begin PBXFrameworksBuildPhase section */
		875D3D912CD044FE009A0C7B /* Frameworks */ = {
			isa = PBXFrameworksBuildPhase;
			buildActionMask = 2147483647;
			files = (
				875D3DFA2CD2A213009A0C7B /* libMatchingPairsThemes.a in Frameworks */,
			);
			runOnlyForDeploymentPostprocessing = 0;
		};
		87A7296F2CD4544E006F80E8 /* Frameworks */ = {
			isa = PBXFrameworksBuildPhase;
			buildActionMask = 2147483647;
			files = (
			);
			runOnlyForDeploymentPostprocessing = 0;
		};
		87A729902CD4F9BB006F80E8 /* Frameworks */ = {
			isa = PBXFrameworksBuildPhase;
			buildActionMask = 2147483647;
			files = (
			);
			runOnlyForDeploymentPostprocessing = 0;
		};
/* End PBXFrameworksBuildPhase section */

/* Begin PBXGroup section */
		875D3D8B2CD044FE009A0C7B = {
			isa = PBXGroup;
			children = (
				875D3E2C2CD2DFE9009A0C7B /* Model.xcdatamodeld */,
				875D3DF12CD2A213009A0C7B /* lib */,
				875D3D962CD044FE009A0C7B /* MatchingPairs */,
				87A729732CD4544E006F80E8 /* MatchingPairsUITests */,
				87A729942CD4F9BB006F80E8 /* MatchingPairsUnitTests */,
				875D3D952CD044FE009A0C7B /* Products */,
			);
			sourceTree = "<group>";
		};
		875D3D952CD044FE009A0C7B /* Products */ = {
			isa = PBXGroup;
			children = (
				875D3D942CD044FE009A0C7B /* MatchingPairs.app */,
				87A729722CD4544E006F80E8 /* MatchingPairsUITests.xctest */,
				87A729932CD4F9BB006F80E8 /* MatchingPairsUnitTests.xctest */,
			);
			name = Products;
			sourceTree = "<group>";
		};
		875D3DE82CD2A213009A0C7B /* Project */ = {
			isa = PBXGroup;
			children = (
				875D3DE62CD2A213009A0C7B /* arm64-apple-ios-simulator.swiftsourceinfo */,
				875D3DE72CD2A213009A0C7B /* x86_64-apple-ios-simulator.swiftsourceinfo */,
			);
			path = Project;
			sourceTree = "<group>";
		};
		875D3DEF2CD2A213009A0C7B /* MatchingPairsThemes.swiftmodule */ = {
			isa = PBXGroup;
			children = (
				875D3DE82CD2A213009A0C7B /* Project */,
				875D3DE92CD2A213009A0C7B /* arm64-apple-ios-simulator.swiftdoc */,
				875D3DEA2CD2A213009A0C7B /* arm64-apple-ios-simulator.swiftmodule */,
				875D3DEB2CD2A213009A0C7B /* arm64-apple-ios-simulator.abi.json */,
				875D3DEC2CD2A213009A0C7B /* x86_64-apple-ios-simulator.swiftdoc */,
				875D3DED2CD2A213009A0C7B /* x86_64-apple-ios-simulator.swiftmodule */,
				875D3DEE2CD2A213009A0C7B /* x86_64-apple-ios-simulator.abi.json */,
			);
			path = MatchingPairsThemes.swiftmodule;
			sourceTree = "<group>";
		};
		875D3DF12CD2A213009A0C7B /* lib */ = {
			isa = PBXGroup;
			children = (
				875D3DEF2CD2A213009A0C7B /* MatchingPairsThemes.swiftmodule */,
				875D3DF02CD2A213009A0C7B /* libMatchingPairsThemes.a */,
			);
			path = lib;
			sourceTree = "<group>";
		};
/* End PBXGroup section */

/* Begin PBXNativeTarget section */
		875D3D932CD044FE009A0C7B /* MatchingPairs */ = {
			isa = PBXNativeTarget;
			buildConfigurationList = 875D3DA22CD044FF009A0C7B /* Build configuration list for PBXNativeTarget "MatchingPairs" */;
			buildPhases = (
				875D3D902CD044FE009A0C7B /* Sources */,
				875D3D912CD044FE009A0C7B /* Frameworks */,
				875D3D922CD044FE009A0C7B /* Resources */,
			);
			buildRules = (
			);
			dependencies = (
			);
			fileSystemSynchronizedGroups = (
				875D3D962CD044FE009A0C7B /* MatchingPairs */,
			);
			name = MatchingPairs;
			packageProductDependencies = (
			);
			productName = MatchingPairs;
			productReference = 875D3D942CD044FE009A0C7B /* MatchingPairs.app */;
			productType = "com.apple.product-type.application";
		};
		87A729712CD4544E006F80E8 /* MatchingPairsUITests */ = {
			isa = PBXNativeTarget;
			buildConfigurationList = 87A7297A2CD4544E006F80E8 /* Build configuration list for PBXNativeTarget "MatchingPairsUITests" */;
			buildPhases = (
				87A7296E2CD4544E006F80E8 /* Sources */,
				87A7296F2CD4544E006F80E8 /* Frameworks */,
				87A729702CD4544E006F80E8 /* Resources */,
			);
			buildRules = (
			);
			dependencies = (
				87A729792CD4544E006F80E8 /* PBXTargetDependency */,
			);
			fileSystemSynchronizedGroups = (
				87A729732CD4544E006F80E8 /* MatchingPairsUITests */,
			);
			name = MatchingPairsUITests;
			packageProductDependencies = (
			);
			productName = MatchingPairsUITests;
			productReference = 87A729722CD4544E006F80E8 /* MatchingPairsUITests.xctest */;
			productType = "com.apple.product-type.bundle.ui-testing";
		};
		87A729922CD4F9BB006F80E8 /* MatchingPairsUnitTests */ = {
			isa = PBXNativeTarget;
			buildConfigurationList = 87A729992CD4F9BB006F80E8 /* Build configuration list for PBXNativeTarget "MatchingPairsUnitTests" */;
			buildPhases = (
				87A7298F2CD4F9BB006F80E8 /* Sources */,
				87A729902CD4F9BB006F80E8 /* Frameworks */,
				87A729912CD4F9BB006F80E8 /* Resources */,
			);
			buildRules = (
			);
			dependencies = (
				87A729982CD4F9BB006F80E8 /* PBXTargetDependency */,
			);
			fileSystemSynchronizedGroups = (
				87A729942CD4F9BB006F80E8 /* MatchingPairsUnitTests */,
			);
			name = MatchingPairsUnitTests;
			packageProductDependencies = (
			);
			productName = MatchingPairsUnitTests;
			productReference = 87A729932CD4F9BB006F80E8 /* MatchingPairsUnitTests.xctest */;
			productType = "com.apple.product-type.bundle.unit-test";
		};
/* End PBXNativeTarget section */

/* Begin PBXProject section */
		875D3D8C2CD044FE009A0C7B /* Project object */ = {
			isa = PBXProject;
			attributes = {
				BuildIndependentTargetsInParallel = 1;
				LastSwiftUpdateCheck = 1610;
				LastUpgradeCheck = 1600;
				TargetAttributes = {
					875D3D932CD044FE009A0C7B = {
						CreatedOnToolsVersion = 16.0;
					};
					87A729712CD4544E006F80E8 = {
						CreatedOnToolsVersion = 16.1;
						TestTargetID = 875D3D932CD044FE009A0C7B;
					};
					87A729922CD4F9BB006F80E8 = {
						CreatedOnToolsVersion = 16.1;
						TestTargetID = 875D3D932CD044FE009A0C7B;
					};
				};
			};
			buildConfigurationList = 875D3D8F2CD044FE009A0C7B /* Build configuration list for PBXProject "MatchingPairs" */;
			developmentRegion = en;
			hasScannedForEncodings = 0;
			knownRegions = (
				en,
				Base,
			);
			mainGroup = 875D3D8B2CD044FE009A0C7B;
			minimizedProjectReferenceProxies = 1;
			preferredProjectObjectVersion = 77;
			productRefGroup = 875D3D952CD044FE009A0C7B /* Products */;
			projectDirPath = "";
			projectRoot = "";
			targets = (
				875D3D932CD044FE009A0C7B /* MatchingPairs */,
				87A729712CD4544E006F80E8 /* MatchingPairsUITests */,
				87A729922CD4F9BB006F80E8 /* MatchingPairsUnitTests */,
			);
		};
/* End PBXProject section */

/* Begin PBXResourcesBuildPhase section */
		875D3D922CD044FE009A0C7B /* Resources */ = {
			isa = PBXResourcesBuildPhase;
			buildActionMask = 2147483647;
			files = (
				875D3DF22CD2A213009A0C7B /* arm64-apple-ios-simulator.swiftsourceinfo in Resources */,
				875D3DF32CD2A213009A0C7B /* x86_64-apple-ios-simulator.swiftdoc in Resources */,
				875D3DF42CD2A213009A0C7B /* arm64-apple-ios-simulator.swiftdoc in Resources */,
				875D3DF52CD2A213009A0C7B /* x86_64-apple-ios-simulator.swiftmodule in Resources */,
				875D3DF62CD2A213009A0C7B /* x86_64-apple-ios-simulator.abi.json in Resources */,
				875D3DF72CD2A213009A0C7B /* x86_64-apple-ios-simulator.swiftsourceinfo in Resources */,
				875D3DF82CD2A213009A0C7B /* arm64-apple-ios-simulator.abi.json in Resources */,
				875D3DF92CD2A213009A0C7B /* arm64-apple-ios-simulator.swiftmodule in Resources */,
			);
			runOnlyForDeploymentPostprocessing = 0;
		};
		87A729702CD4544E006F80E8 /* Resources */ = {
			isa = PBXResourcesBuildPhase;
			buildActionMask = 2147483647;
			files = (
			);
			runOnlyForDeploymentPostprocessing = 0;
		};
		87A729912CD4F9BB006F80E8 /* Resources */ = {
			isa = PBXResourcesBuildPhase;
			buildActionMask = 2147483647;
			files = (
			);
			runOnlyForDeploymentPostprocessing = 0;
		};
/* End PBXResourcesBuildPhase section */

/* Begin PBXSourcesBuildPhase section */
		875D3D902CD044FE009A0C7B /* Sources */ = {
			isa = PBXSourcesBuildPhase;
			buildActionMask = 2147483647;
			files = (
				875D3E2E2CD2DFE9009A0C7B /* Model.xcdatamodeld in Sources */,
			);
			runOnlyForDeploymentPostprocessing = 0;
		};
		87A7296E2CD4544E006F80E8 /* Sources */ = {
			isa = PBXSourcesBuildPhase;
			buildActionMask = 2147483647;
			files = (
			);
			runOnlyForDeploymentPostprocessing = 0;
		};
		87A7298F2CD4F9BB006F80E8 /* Sources */ = {
			isa = PBXSourcesBuildPhase;
			buildActionMask = 2147483647;
			files = (
			);
			runOnlyForDeploymentPostprocessing = 0;
		};
/* End PBXSourcesBuildPhase section */

/* Begin PBXTargetDependency section */
		87A729792CD4544E006F80E8 /* PBXTargetDependency */ = {
			isa = PBXTargetDependency;
			target = 875D3D932CD044FE009A0C7B /* MatchingPairs */;
			targetProxy = 87A729782CD4544E006F80E8 /* PBXContainerItemProxy */;
		};
		87A729982CD4F9BB006F80E8 /* PBXTargetDependency */ = {
			isa = PBXTargetDependency;
			target = 875D3D932CD044FE009A0C7B /* MatchingPairs */;
			targetProxy = 87A729972CD4F9BB006F80E8 /* PBXContainerItemProxy */;
		};
/* End PBXTargetDependency section */

/* Begin XCBuildConfiguration section */
		875D3DA02CD044FF009A0C7B /* Debug */ = {
			isa = XCBuildConfiguration;
			buildSettings = {
				ALWAYS_SEARCH_USER_PATHS = NO;
				ASSETCATALOG_COMPILER_GENERATE_SWIFT_ASSET_SYMBOL_EXTENSIONS = YES;
				CLANG_ANALYZER_NONNULL = YES;
				CLANG_ANALYZER_NUMBER_OBJECT_CONVERSION = YES_AGGRESSIVE;
				CLANG_CXX_LANGUAGE_STANDARD = "gnu++20";
				CLANG_ENABLE_MODULES = YES;
				CLANG_ENABLE_OBJC_ARC = YES;
				CLANG_ENABLE_OBJC_WEAK = YES;
				CLANG_WARN_BLOCK_CAPTURE_AUTORELEASING = YES;
				CLANG_WARN_BOOL_CONVERSION = YES;
				CLANG_WARN_COMMA = YES;
				CLANG_WARN_CONSTANT_CONVERSION = YES;
				CLANG_WARN_DEPRECATED_OBJC_IMPLEMENTATIONS = YES;
				CLANG_WARN_DIRECT_OBJC_ISA_USAGE = YES_ERROR;
				CLANG_WARN_DOCUMENTATION_COMMENTS = YES;
				CLANG_WARN_EMPTY_BODY = YES;
				CLANG_WARN_ENUM_CONVERSION = YES;
				CLANG_WARN_INFINITE_RECURSION = YES;
				CLANG_WARN_INT_CONVERSION = YES;
				CLANG_WARN_NON_LITERAL_NULL_CONVERSION = YES;
				CLANG_WARN_OBJC_IMPLICIT_RETAIN_SELF = YES;
				CLANG_WARN_OBJC_LITERAL_CONVERSION = YES;
				CLANG_WARN_OBJC_ROOT_CLASS = YES_ERROR;
				CLANG_WARN_QUOTED_INCLUDE_IN_FRAMEWORK_HEADER = YES;
				CLANG_WARN_RANGE_LOOP_ANALYSIS = YES;
				CLANG_WARN_STRICT_PROTOTYPES = YES;
				CLANG_WARN_SUSPICIOUS_MOVE = YES;
				CLANG_WARN_UNGUARDED_AVAILABILITY = YES_AGGRESSIVE;
				CLANG_WARN_UNREACHABLE_CODE = YES;
				CLANG_WARN__DUPLICATE_METHOD_MATCH = YES;
				COPY_PHASE_STRIP = NO;
				DEBUG_INFORMATION_FORMAT = dwarf;
				ENABLE_STRICT_OBJC_MSGSEND = YES;
				ENABLE_TESTABILITY = YES;
				ENABLE_USER_SCRIPT_SANDBOXING = YES;
				GCC_C_LANGUAGE_STANDARD = gnu17;
				GCC_DYNAMIC_NO_PIC = NO;
				GCC_NO_COMMON_BLOCKS = YES;
				GCC_OPTIMIZATION_LEVEL = 0;
				GCC_PREPROCESSOR_DEFINITIONS = (
					"DEBUG=1",
					"$(inherited)",
				);
				GCC_WARN_64_TO_32_BIT_CONVERSION = YES;
				GCC_WARN_ABOUT_RETURN_TYPE = YES_ERROR;
				GCC_WARN_UNDECLARED_SELECTOR = YES;
				GCC_WARN_UNINITIALIZED_AUTOS = YES_AGGRESSIVE;
				GCC_WARN_UNUSED_FUNCTION = YES;
				GCC_WARN_UNUSED_VARIABLE = YES;
				IPHONEOS_DEPLOYMENT_TARGET = 18.0;
				LOCALIZATION_PREFERS_STRING_CATALOGS = YES;
				MTL_ENABLE_DEBUG_INFO = INCLUDE_SOURCE;
				MTL_FAST_MATH = YES;
				ONLY_ACTIVE_ARCH = YES;
				SDKROOT = iphoneos;
				SWIFT_ACTIVE_COMPILATION_CONDITIONS = "DEBUG $(inherited)";
				SWIFT_OPTIMIZATION_LEVEL = "-Onone";
			};
			name = Debug;
		};
		875D3DA12CD044FF009A0C7B /* Release */ = {
			isa = XCBuildConfiguration;
			buildSettings = {
				ALWAYS_SEARCH_USER_PATHS = NO;
				ASSETCATALOG_COMPILER_GENERATE_SWIFT_ASSET_SYMBOL_EXTENSIONS = YES;
				CLANG_ANALYZER_NONNULL = YES;
				CLANG_ANALYZER_NUMBER_OBJECT_CONVERSION = YES_AGGRESSIVE;
				CLANG_CXX_LANGUAGE_STANDARD = "gnu++20";
				CLANG_ENABLE_MODULES = YES;
				CLANG_ENABLE_OBJC_ARC = YES;
				CLANG_ENABLE_OBJC_WEAK = YES;
				CLANG_WARN_BLOCK_CAPTURE_AUTORELEASING = YES;
				CLANG_WARN_BOOL_CONVERSION = YES;
				CLANG_WARN_COMMA = YES;
				CLANG_WARN_CONSTANT_CONVERSION = YES;
				CLANG_WARN_DEPRECATED_OBJC_IMPLEMENTATIONS = YES;
				CLANG_WARN_DIRECT_OBJC_ISA_USAGE = YES_ERROR;
				CLANG_WARN_DOCUMENTATION_COMMENTS = YES;
				CLANG_WARN_EMPTY_BODY = YES;
				CLANG_WARN_ENUM_CONVERSION = YES;
				CLANG_WARN_INFINITE_RECURSION = YES;
				CLANG_WARN_INT_CONVERSION = YES;
				CLANG_WARN_NON_LITERAL_NULL_CONVERSION = YES;
				CLANG_WARN_OBJC_IMPLICIT_RETAIN_SELF = YES;
				CLANG_WARN_OBJC_LITERAL_CONVERSION = YES;
				CLANG_WARN_OBJC_ROOT_CLASS = YES_ERROR;
				CLANG_WARN_QUOTED_INCLUDE_IN_FRAMEWORK_HEADER = YES;
				CLANG_WARN_RANGE_LOOP_ANALYSIS = YES;
				CLANG_WARN_STRICT_PROTOTYPES = YES;
				CLANG_WARN_SUSPICIOUS_MOVE = YES;
				CLANG_WARN_UNGUARDED_AVAILABILITY = YES_AGGRESSIVE;
				CLANG_WARN_UNREACHABLE_CODE = YES;
				CLANG_WARN__DUPLICATE_METHOD_MATCH = YES;
				COPY_PHASE_STRIP = NO;
				DEBUG_INFORMATION_FORMAT = "dwarf-with-dsym";
				ENABLE_NS_ASSERTIONS = NO;
				ENABLE_STRICT_OBJC_MSGSEND = YES;
				ENABLE_USER_SCRIPT_SANDBOXING = YES;
				GCC_C_LANGUAGE_STANDARD = gnu17;
				GCC_NO_COMMON_BLOCKS = YES;
				GCC_WARN_64_TO_32_BIT_CONVERSION = YES;
				GCC_WARN_ABOUT_RETURN_TYPE = YES_ERROR;
				GCC_WARN_UNDECLARED_SELECTOR = YES;
				GCC_WARN_UNINITIALIZED_AUTOS = YES_AGGRESSIVE;
				GCC_WARN_UNUSED_FUNCTION = YES;
				GCC_WARN_UNUSED_VARIABLE = YES;
				IPHONEOS_DEPLOYMENT_TARGET = 18.0;
				LOCALIZATION_PREFERS_STRING_CATALOGS = YES;
				MTL_ENABLE_DEBUG_INFO = NO;
				MTL_FAST_MATH = YES;
				SDKROOT = iphoneos;
				SWIFT_COMPILATION_MODE = wholemodule;
				VALIDATE_PRODUCT = YES;
			};
			name = Release;
		};
		875D3DA32CD044FF009A0C7B /* Debug */ = {
			isa = XCBuildConfiguration;
			buildSettings = {
				ASSETCATALOG_COMPILER_APPICON_NAME = AppIcon;
				ASSETCATALOG_COMPILER_GLOBAL_ACCENT_COLOR_NAME = AccentColor;
				CODE_SIGN_STYLE = Automatic;
				CURRENT_PROJECT_VERSION = 1;
				DEVELOPMENT_ASSET_PATHS = "\"MatchingPairs/Preview Content\"";
				ENABLE_PREVIEWS = YES;
				GENERATE_INFOPLIST_FILE = YES;
				INFOPLIST_KEY_UIApplicationSceneManifest_Generation = YES;
				INFOPLIST_KEY_UIApplicationSupportsIndirectInputEvents = YES;
				INFOPLIST_KEY_UILaunchScreen_Generation = YES;
				INFOPLIST_KEY_UISupportedInterfaceOrientations_iPad = "UIInterfaceOrientationPortrait UIInterfaceOrientationPortraitUpsideDown UIInterfaceOrientationLandscapeLeft UIInterfaceOrientationLandscapeRight";
				INFOPLIST_KEY_UISupportedInterfaceOrientations_iPhone = "UIInterfaceOrientationPortrait UIInterfaceOrientationLandscapeLeft UIInterfaceOrientationLandscapeRight";
				LD_RUNPATH_SEARCH_PATHS = (
					"$(inherited)",
					"@executable_path/Frameworks",
				);
				LIBRARY_SEARCH_PATHS = (
					"$(inherited)",
					"$(PROJECT_DIR)/lib",
				);
				MARKETING_VERSION = 1.0;
				PRODUCT_BUNDLE_IDENTIFIER = com.razvan.MatchingPairs;
				PRODUCT_NAME = "$(TARGET_NAME)";
				SWIFT_EMIT_LOC_STRINGS = YES;
				SWIFT_INCLUDE_PATHS = "\"$(PROJECT_DIR)/lib\"";
				SWIFT_VERSION = 5.0;
				TARGETED_DEVICE_FAMILY = "1,2";
			};
			name = Debug;
		};
		875D3DA42CD044FF009A0C7B /* Release */ = {
			isa = XCBuildConfiguration;
			buildSettings = {
				ASSETCATALOG_COMPILER_APPICON_NAME = AppIcon;
				ASSETCATALOG_COMPILER_GLOBAL_ACCENT_COLOR_NAME = AccentColor;
				CODE_SIGN_STYLE = Automatic;
				CURRENT_PROJECT_VERSION = 1;
				DEVELOPMENT_ASSET_PATHS = "\"MatchingPairs/Preview Content\"";
				ENABLE_PREVIEWS = YES;
				GENERATE_INFOPLIST_FILE = YES;
				INFOPLIST_KEY_UIApplicationSceneManifest_Generation = YES;
				INFOPLIST_KEY_UIApplicationSupportsIndirectInputEvents = YES;
				INFOPLIST_KEY_UILaunchScreen_Generation = YES;
				INFOPLIST_KEY_UISupportedInterfaceOrientations_iPad = "UIInterfaceOrientationPortrait UIInterfaceOrientationPortraitUpsideDown UIInterfaceOrientationLandscapeLeft UIInterfaceOrientationLandscapeRight";
				INFOPLIST_KEY_UISupportedInterfaceOrientations_iPhone = "UIInterfaceOrientationPortrait UIInterfaceOrientationLandscapeLeft UIInterfaceOrientationLandscapeRight";
				LD_RUNPATH_SEARCH_PATHS = (
					"$(inherited)",
					"@executable_path/Frameworks",
				);
				LIBRARY_SEARCH_PATHS = (
					"$(inherited)",
					"$(PROJECT_DIR)/lib",
				);
				MARKETING_VERSION = 1.0;
				PRODUCT_BUNDLE_IDENTIFIER = com.razvan.MatchingPairs;
				PRODUCT_NAME = "$(TARGET_NAME)";
				SWIFT_EMIT_LOC_STRINGS = YES;
				SWIFT_INCLUDE_PATHS = "\"$(PROJECT_DIR)/lib\"";
				SWIFT_VERSION = 5.0;
				TARGETED_DEVICE_FAMILY = "1,2";
			};
			name = Release;
		};
		87A7297B2CD4544E006F80E8 /* Debug */ = {
			isa = XCBuildConfiguration;
			buildSettings = {
				CODE_SIGN_STYLE = Automatic;
				CURRENT_PROJECT_VERSION = 1;
				GENERATE_INFOPLIST_FILE = YES;
				IPHONEOS_DEPLOYMENT_TARGET = 18.1;
				MARKETING_VERSION = 1.0;
				PRODUCT_BUNDLE_IDENTIFIER = com.razvan.MatchingPairsUITests;
				PRODUCT_NAME = "$(TARGET_NAME)";
				SWIFT_EMIT_LOC_STRINGS = NO;
				SWIFT_VERSION = 5.0;
				TARGETED_DEVICE_FAMILY = "1,2";
				TEST_TARGET_NAME = MatchingPairs;
			};
			name = Debug;
		};
		87A7297C2CD4544E006F80E8 /* Release */ = {
			isa = XCBuildConfiguration;
			buildSettings = {
				CODE_SIGN_STYLE = Automatic;
				CURRENT_PROJECT_VERSION = 1;
				GENERATE_INFOPLIST_FILE = YES;
				IPHONEOS_DEPLOYMENT_TARGET = 18.1;
				MARKETING_VERSION = 1.0;
				PRODUCT_BUNDLE_IDENTIFIER = com.razvan.MatchingPairsUITests;
				PRODUCT_NAME = "$(TARGET_NAME)";
				SWIFT_EMIT_LOC_STRINGS = NO;
				SWIFT_VERSION = 5.0;
				TARGETED_DEVICE_FAMILY = "1,2";
				TEST_TARGET_NAME = MatchingPairs;
			};
			name = Release;
		};
		87A7299A2CD4F9BB006F80E8 /* Debug */ = {
			isa = XCBuildConfiguration;
			buildSettings = {
				BUNDLE_LOADER = "$(TEST_HOST)";
				CODE_SIGN_STYLE = Automatic;
				CURRENT_PROJECT_VERSION = 1;
				GENERATE_INFOPLIST_FILE = YES;
				IPHONEOS_DEPLOYMENT_TARGET = 18.1;
				MARKETING_VERSION = 1.0;
				PRODUCT_BUNDLE_IDENTIFIER = com.razvan.MatchingPairsUnitTests;
				PRODUCT_NAME = "$(TARGET_NAME)";
				SWIFT_EMIT_LOC_STRINGS = NO;
				SWIFT_VERSION = 5.0;
				TARGETED_DEVICE_FAMILY = "1,2";
				TEST_HOST = "$(BUILT_PRODUCTS_DIR)/MatchingPairs.app/$(BUNDLE_EXECUTABLE_FOLDER_PATH)/MatchingPairs";
			};
			name = Debug;
		};
		87A7299B2CD4F9BB006F80E8 /* Release */ = {
			isa = XCBuildConfiguration;
			buildSettings = {
				BUNDLE_LOADER = "$(TEST_HOST)";
				CODE_SIGN_STYLE = Automatic;
				CURRENT_PROJECT_VERSION = 1;
				GENERATE_INFOPLIST_FILE = YES;
				IPHONEOS_DEPLOYMENT_TARGET = 18.1;
				MARKETING_VERSION = 1.0;
				PRODUCT_BUNDLE_IDENTIFIER = com.razvan.MatchingPairsUnitTests;
				PRODUCT_NAME = "$(TARGET_NAME)";
				SWIFT_EMIT_LOC_STRINGS = NO;
				SWIFT_VERSION = 5.0;
				TARGETED_DEVICE_FAMILY = "1,2";
				TEST_HOST = "$(BUILT_PRODUCTS_DIR)/MatchingPairs.app/$(BUNDLE_EXECUTABLE_FOLDER_PATH)/MatchingPairs";
			};
			name = Release;
		};
/* End XCBuildConfiguration section */

/* Begin XCConfigurationList section */
		875D3D8F2CD044FE009A0C7B /* Build configuration list for PBXProject "MatchingPairs" */ = {
			isa = XCConfigurationList;
			buildConfigurations = (
				875D3DA02CD044FF009A0C7B /* Debug */,
				875D3DA12CD044FF009A0C7B /* Release */,
			);
			defaultConfigurationIsVisible = 0;
			defaultConfigurationName = Release;
		};
		875D3DA22CD044FF009A0C7B /* Build configuration list for PBXNativeTarget "MatchingPairs" */ = {
			isa = XCConfigurationList;
			buildConfigurations = (
				875D3DA32CD044FF009A0C7B /* Debug */,
				875D3DA42CD044FF009A0C7B /* Release */,
			);
			defaultConfigurationIsVisible = 0;
			defaultConfigurationName = Release;
		};
		87A7297A2CD4544E006F80E8 /* Build configuration list for PBXNativeTarget "MatchingPairsUITests" */ = {
			isa = XCConfigurationList;
			buildConfigurations = (
				87A7297B2CD4544E006F80E8 /* Debug */,
				87A7297C2CD4544E006F80E8 /* Release */,
			);
			defaultConfigurationIsVisible = 0;
			defaultConfigurationName = Release;
		};
		87A729992CD4F9BB006F80E8 /* Build configuration list for PBXNativeTarget "MatchingPairsUnitTests" */ = {
			isa = XCConfigurationList;
			buildConfigurations = (
				87A7299A2CD4F9BB006F80E8 /* Debug */,
				87A7299B2CD4F9BB006F80E8 /* Release */,
			);
			defaultConfigurationIsVisible = 0;
			defaultConfigurationName = Release;
		};
/* End XCConfigurationList section */

/* Begin XCVersionGroup section */
		875D3E2C2CD2DFE9009A0C7B /* Model.xcdatamodeld */ = {
			isa = XCVersionGroup;
			children = (
				875D3E2D2CD2DFE9009A0C7B /* Model.xcdatamodel */,
			);
			currentVersion = 875D3E2D2CD2DFE9009A0C7B /* Model.xcdatamodel */;
			path = Model.xcdatamodeld;
			sourceTree = "<group>";
			versionGroupType = wrapper.xcdatamodel;
		};
/* End XCVersionGroup section */
	};
	rootObject = 875D3D8C2CD044FE009A0C7B /* Project object */;
}
